// !$*UTF8*$!
{
	archiveVersion = 1;
	classes = {
	};
	objectVersion = 46;
	objects = {

/* Begin PBXBuildFile section */
		1C04C3D184423261C53AEA68 /* libPods-SeptCamera.a in Frameworks */ = {isa = PBXBuildFile; fileRef = 50246C2F82F255216EB5CCC6 /* libPods-SeptCamera.a */; };
		5B30E2111CEAB1EC00906281 /* main.m in Sources */ = {isa = PBXBuildFile; fileRef = 5B30E2101CEAB1EC00906281 /* main.m */; };
		5B30E2141CEAB1EC00906281 /* AppDelegate.m in Sources */ = {isa = PBXBuildFile; fileRef = 5B30E2131CEAB1EC00906281 /* AppDelegate.m */; };
		5B30E21C1CEAB1EC00906281 /* Assets.xcassets in Resources */ = {isa = PBXBuildFile; fileRef = 5B30E21B1CEAB1EC00906281 /* Assets.xcassets */; };
		5B30E21F1CEAB1EC00906281 /* LaunchScreen.storyboard in Resources */ = {isa = PBXBuildFile; fileRef = 5B30E21D1CEAB1EC00906281 /* LaunchScreen.storyboard */; };
		5B30E22A1CEAB1ED00906281 /* SeptCameraTests.m in Sources */ = {isa = PBXBuildFile; fileRef = 5B30E2291CEAB1ED00906281 /* SeptCameraTests.m */; };
		5B30E2351CEAB1ED00906281 /* SeptCameraUITests.m in Sources */ = {isa = PBXBuildFile; fileRef = 5B30E2341CEAB1ED00906281 /* SeptCameraUITests.m */; };
		5B3239021CFC46540066F2B7 /* JYSettings.m in Sources */ = {isa = PBXBuildFile; fileRef = 5B3239011CFC46540066F2B7 /* JYSettings.m */; };
		5B36146A1CFE96AB00A79517 /* JYSeletcedView.m in Sources */ = {isa = PBXBuildFile; fileRef = 5B3614691CFE96AB00A79517 /* JYSeletcedView.m */; };
		5B3BF52E1CEABED700EFBD58 /* JYHomeController.m in Sources */ = {isa = PBXBuildFile; fileRef = 5B3BF51F1CEABED700EFBD58 /* JYHomeController.m */; };
		5B3BF5311CEABEF100EFBD58 /* JYCameraManager.m in Sources */ = {isa = PBXBuildFile; fileRef = 5B3BF5301CEABEF100EFBD58 /* JYCameraManager.m */; };
		5B3BF5381CEAC05F00EFBD58 /* JYNavigationController.m in Sources */ = {isa = PBXBuildFile; fileRef = 5B3BF5371CEAC05F00EFBD58 /* JYNavigationController.m */; };
		5B3BF53B1CEB030900EFBD58 /* JYLeftTopViewMasnory.m in Sources */ = {isa = PBXBuildFile; fileRef = 5B3BF53A1CEB030900EFBD58 /* JYLeftTopViewMasnory.m */; };
		5B79C1481CF3DF3000092C53 /* JYLanguageTool.m in Sources */ = {isa = PBXBuildFile; fileRef = 5B79C1471CF3DF3000092C53 /* JYLanguageTool.m */; };
		5B79C14E1CF405B000092C53 /* JYContentSwitch.m in Sources */ = {isa = PBXBuildFile; fileRef = 5B79C14C1CF405B000092C53 /* JYContentSwitch.m */; };
		5B79C14F1CF405B000092C53 /* JYContentSwitch.xib in Resources */ = {isa = PBXBuildFile; fileRef = 5B79C14D1CF405B000092C53 /* JYContentSwitch.xib */; };
		5B79C1531CF42BA500092C53 /* JYCustomSlider.m in Sources */ = {isa = PBXBuildFile; fileRef = 5B79C1511CF42BA500092C53 /* JYCustomSlider.m */; };
		5B79C1541CF42BA500092C53 /* JYCustomSlider.xib in Resources */ = {isa = PBXBuildFile; fileRef = 5B79C1521CF42BA500092C53 /* JYCustomSlider.xib */; };
		5B79C1581CF4323F00092C53 /* JYButtonCell.m in Sources */ = {isa = PBXBuildFile; fileRef = 5B79C1561CF4323F00092C53 /* JYButtonCell.m */; };
		5B79C1591CF4323F00092C53 /* JYButtonCell.xib in Resources */ = {isa = PBXBuildFile; fileRef = 5B79C1571CF4323F00092C53 /* JYButtonCell.xib */; };
		5B79C15D1CF4351500092C53 /* JYWhiteBalanceView.m in Sources */ = {isa = PBXBuildFile; fileRef = 5B79C15C1CF4351500092C53 /* JYWhiteBalanceView.m */; };
		5B79C1611CF4369600092C53 /* JYBanlanceBtn.m in Sources */ = {isa = PBXBuildFile; fileRef = 5B79C15F1CF4369600092C53 /* JYBanlanceBtn.m */; };
		5B79C1621CF4369600092C53 /* JYBanlanceBtn.xib in Resources */ = {isa = PBXBuildFile; fileRef = 5B79C1601CF4369600092C53 /* JYBanlanceBtn.xib */; };
		5B79C1651CF44DD200092C53 /* JYExposureView.m in Sources */ = {isa = PBXBuildFile; fileRef = 5B79C1641CF44DD200092C53 /* JYExposureView.m */; };
		5B79C1681CF459B900092C53 /* DWBubbleMenuButton.m in Sources */ = {isa = PBXBuildFile; fileRef = 5B79C1671CF459B900092C53 /* DWBubbleMenuButton.m */; };
		5B821D2F1CF936F70036D69F /* JYVideoCamera.m in Sources */ = {isa = PBXBuildFile; fileRef = 5B821D2E1CF936F70036D69F /* JYVideoCamera.m */; };
		5B861E121CF58E620057837F /* JYLeftTopView.m in Sources */ = {isa = PBXBuildFile; fileRef = 5B861E111CF58E620057837F /* JYLeftTopView.m */; };
		5B861E141CF5AE150057837F /* SettingData.plist in Resources */ = {isa = PBXBuildFile; fileRef = 5B861E131CF5AE150057837F /* SettingData.plist */; };
		5B8664961CED994A0081FA95 /* JYThreeButton.m in Sources */ = {isa = PBXBuildFile; fileRef = 5B8664951CED994A0081FA95 /* JYThreeButton.m */; };
		5B86649B1CED9EEB0081FA95 /* JYContentView.m in Sources */ = {isa = PBXBuildFile; fileRef = 5B86649A1CED9EEB0081FA95 /* JYContentView.m */; };
		5B8664A41CEDA7880081FA95 /* JYNSString+Extension.m in Sources */ = {isa = PBXBuildFile; fileRef = 5B86649D1CEDA7880081FA95 /* JYNSString+Extension.m */; };
		5B8664A61CEDA7880081FA95 /* UIImage+CKExtension.m in Sources */ = {isa = PBXBuildFile; fileRef = 5B8664A11CEDA7880081FA95 /* UIImage+CKExtension.m */; };
		5B8664A71CEDA7880081FA95 /* UIView+Extension.m in Sources */ = {isa = PBXBuildFile; fileRef = 5B8664A31CEDA7880081FA95 /* UIView+Extension.m */; };
		5B8664AE1CEDB5F60081FA95 /* JYContentDirection.m in Sources */ = {isa = PBXBuildFile; fileRef = 5B8664AC1CEDB5F60081FA95 /* JYContentDirection.m */; };
		5B8664AF1CEDB5F60081FA95 /* JYContentDirection.xib in Resources */ = {isa = PBXBuildFile; fileRef = 5B8664AD1CEDB5F60081FA95 /* JYContentDirection.xib */; };
		5B8664B21CEDC3A90081FA95 /* Localizable.strings in Resources */ = {isa = PBXBuildFile; fileRef = 5B8664B41CEDC3A90081FA95 /* Localizable.strings */; };
		5B869A671CFD246B0070B08A /* JYRulesView.m in Sources */ = {isa = PBXBuildFile; fileRef = 5B869A661CFD246B0070B08A /* JYRulesView.m */; };
		5B869A6C1CFD286D0070B08A /* JYVideoView.m in Sources */ = {isa = PBXBuildFile; fileRef = 5B869A6B1CFD286D0070B08A /* JYVideoView.m */; };
		5B869A6E1CFD9AED0070B08A /* photoShutter2.caf in Resources */ = {isa = PBXBuildFile; fileRef = 5B869A6D1CFD9AED0070B08A /* photoShutter2.caf */; };
		5B931F341D0521D00076E942 /* AAPLStripedImage.m in Sources */ = {isa = PBXBuildFile; fileRef = 5B931F331D0521D00076E942 /* AAPLStripedImage.m */; };
/* End PBXBuildFile section */

/* Begin PBXContainerItemProxy section */
		5B30E2261CEAB1EC00906281 /* PBXContainerItemProxy */ = {
			isa = PBXContainerItemProxy;
			containerPortal = 5B30E2041CEAB1EC00906281 /* Project object */;
			proxyType = 1;
			remoteGlobalIDString = 5B30E20B1CEAB1EC00906281;
			remoteInfo = SeptCamera;
		};
		5B30E2311CEAB1ED00906281 /* PBXContainerItemProxy */ = {
			isa = PBXContainerItemProxy;
			containerPortal = 5B30E2041CEAB1EC00906281 /* Project object */;
			proxyType = 1;
			remoteGlobalIDString = 5B30E20B1CEAB1EC00906281;
			remoteInfo = SeptCamera;
		};
/* End PBXContainerItemProxy section */

/* Begin PBXFileReference section */
		1C6FADDA2551AD198268629C /* Pods-SeptCamera.release.xcconfig */ = {isa = PBXFileReference; includeInIndex = 1; lastKnownFileType = text.xcconfig; name = "Pods-SeptCamera.release.xcconfig"; path = "Pods/Target Support Files/Pods-SeptCamera/Pods-SeptCamera.release.xcconfig"; sourceTree = "<group>"; };
		50246C2F82F255216EB5CCC6 /* libPods-SeptCamera.a */ = {isa = PBXFileReference; explicitFileType = archive.ar; includeInIndex = 0; path = "libPods-SeptCamera.a"; sourceTree = BUILT_PRODUCTS_DIR; };
		563A90A01470DC6B8F04F2B7 /* Pods-SeptCamera.debug.xcconfig */ = {isa = PBXFileReference; includeInIndex = 1; lastKnownFileType = text.xcconfig; name = "Pods-SeptCamera.debug.xcconfig"; path = "Pods/Target Support Files/Pods-SeptCamera/Pods-SeptCamera.debug.xcconfig"; sourceTree = "<group>"; };
		5B30E20C1CEAB1EC00906281 /* SeptCamera.app */ = {isa = PBXFileReference; explicitFileType = wrapper.application; includeInIndex = 0; path = SeptCamera.app; sourceTree = BUILT_PRODUCTS_DIR; };
		5B30E2101CEAB1EC00906281 /* main.m */ = {isa = PBXFileReference; lastKnownFileType = sourcecode.c.objc; path = main.m; sourceTree = "<group>"; };
		5B30E2121CEAB1EC00906281 /* AppDelegate.h */ = {isa = PBXFileReference; lastKnownFileType = sourcecode.c.h; path = AppDelegate.h; sourceTree = "<group>"; };
		5B30E2131CEAB1EC00906281 /* AppDelegate.m */ = {isa = PBXFileReference; lastKnownFileType = sourcecode.c.objc; path = AppDelegate.m; sourceTree = "<group>"; };
		5B30E21B1CEAB1EC00906281 /* Assets.xcassets */ = {isa = PBXFileReference; lastKnownFileType = folder.assetcatalog; path = Assets.xcassets; sourceTree = "<group>"; };
		5B30E21E1CEAB1EC00906281 /* Base */ = {isa = PBXFileReference; lastKnownFileType = file.storyboard; name = Base; path = Base.lproj/LaunchScreen.storyboard; sourceTree = "<group>"; };
		5B30E2201CEAB1EC00906281 /* Info.plist */ = {isa = PBXFileReference; lastKnownFileType = text.plist.xml; path = Info.plist; sourceTree = "<group>"; };
		5B30E2251CEAB1EC00906281 /* SeptCameraTests.xctest */ = {isa = PBXFileReference; explicitFileType = wrapper.cfbundle; includeInIndex = 0; path = SeptCameraTests.xctest; sourceTree = BUILT_PRODUCTS_DIR; };
		5B30E2291CEAB1ED00906281 /* SeptCameraTests.m */ = {isa = PBXFileReference; lastKnownFileType = sourcecode.c.objc; path = SeptCameraTests.m; sourceTree = "<group>"; };
		5B30E22B1CEAB1ED00906281 /* Info.plist */ = {isa = PBXFileReference; lastKnownFileType = text.plist.xml; path = Info.plist; sourceTree = "<group>"; };
		5B30E2301CEAB1ED00906281 /* SeptCameraUITests.xctest */ = {isa = PBXFileReference; explicitFileType = wrapper.cfbundle; includeInIndex = 0; path = SeptCameraUITests.xctest; sourceTree = BUILT_PRODUCTS_DIR; };
		5B30E2341CEAB1ED00906281 /* SeptCameraUITests.m */ = {isa = PBXFileReference; lastKnownFileType = sourcecode.c.objc; path = SeptCameraUITests.m; sourceTree = "<group>"; };
		5B30E2361CEAB1ED00906281 /* Info.plist */ = {isa = PBXFileReference; lastKnownFileType = text.plist.xml; path = Info.plist; sourceTree = "<group>"; };
		5B3239001CFC46540066F2B7 /* JYSettings.h */ = {isa = PBXFileReference; fileEncoding = 4; lastKnownFileType = sourcecode.c.h; path = JYSettings.h; sourceTree = "<group>"; };
		5B3239011CFC46540066F2B7 /* JYSettings.m */ = {isa = PBXFileReference; fileEncoding = 4; lastKnownFileType = sourcecode.c.objc; path = JYSettings.m; sourceTree = "<group>"; };
		5B3614681CFE96AA00A79517 /* JYSeletcedView.h */ = {isa = PBXFileReference; fileEncoding = 4; lastKnownFileType = sourcecode.c.h; path = JYSeletcedView.h; sourceTree = "<group>"; };
		5B3614691CFE96AB00A79517 /* JYSeletcedView.m */ = {isa = PBXFileReference; fileEncoding = 4; lastKnownFileType = sourcecode.c.objc; path = JYSeletcedView.m; sourceTree = "<group>"; };
		5B3BF51E1CEABED700EFBD58 /* JYHomeController.h */ = {isa = PBXFileReference; fileEncoding = 4; lastKnownFileType = sourcecode.c.h; path = JYHomeController.h; sourceTree = "<group>"; };
		5B3BF51F1CEABED700EFBD58 /* JYHomeController.m */ = {isa = PBXFileReference; fileEncoding = 4; lastKnownFileType = sourcecode.c.objc; path = JYHomeController.m; sourceTree = "<group>"; };
		5B3BF52F1CEABEF100EFBD58 /* JYCameraManager.h */ = {isa = PBXFileReference; fileEncoding = 4; lastKnownFileType = sourcecode.c.h; path = JYCameraManager.h; sourceTree = "<group>"; };
		5B3BF5301CEABEF100EFBD58 /* JYCameraManager.m */ = {isa = PBXFileReference; fileEncoding = 4; lastKnownFileType = sourcecode.c.objc; path = JYCameraManager.m; sourceTree = "<group>"; };
		5B3BF5361CEAC05F00EFBD58 /* JYNavigationController.h */ = {isa = PBXFileReference; fileEncoding = 4; lastKnownFileType = sourcecode.c.h; path = JYNavigationController.h; sourceTree = "<group>"; };
		5B3BF5371CEAC05F00EFBD58 /* JYNavigationController.m */ = {isa = PBXFileReference; fileEncoding = 4; lastKnownFileType = sourcecode.c.objc; path = JYNavigationController.m; sourceTree = "<group>"; };
		5B3BF5391CEB030900EFBD58 /* JYLeftTopViewMasnory.h */ = {isa = PBXFileReference; fileEncoding = 4; lastKnownFileType = sourcecode.c.h; path = JYLeftTopViewMasnory.h; sourceTree = "<group>"; };
		5B3BF53A1CEB030900EFBD58 /* JYLeftTopViewMasnory.m */ = {isa = PBXFileReference; fileEncoding = 4; lastKnownFileType = sourcecode.c.objc; path = JYLeftTopViewMasnory.m; sourceTree = "<group>"; };
		5B79C1461CF3DF3000092C53 /* JYLanguageTool.h */ = {isa = PBXFileReference; fileEncoding = 4; lastKnownFileType = sourcecode.c.h; path = JYLanguageTool.h; sourceTree = "<group>"; };
		5B79C1471CF3DF3000092C53 /* JYLanguageTool.m */ = {isa = PBXFileReference; fileEncoding = 4; lastKnownFileType = sourcecode.c.objc; path = JYLanguageTool.m; sourceTree = "<group>"; };
		5B79C1491CF4039F00092C53 /* JYContentDirection.h */ = {isa = PBXFileReference; fileEncoding = 4; lastKnownFileType = sourcecode.c.h; name = JYContentDirection.h; path = View/JYContentDirection.h; sourceTree = "<group>"; };
		5B79C14A1CF403DF00092C53 /* PrefixHeader.pch */ = {isa = PBXFileReference; lastKnownFileType = sourcecode.c.h; path = PrefixHeader.pch; sourceTree = "<group>"; };
		5B79C14B1CF405B000092C53 /* JYContentSwitch.h */ = {isa = PBXFileReference; fileEncoding = 4; lastKnownFileType = sourcecode.c.h; name = JYContentSwitch.h; path = View/JYContentSwitch.h; sourceTree = "<group>"; };
		5B79C14C1CF405B000092C53 /* JYContentSwitch.m */ = {isa = PBXFileReference; fileEncoding = 4; lastKnownFileType = sourcecode.c.objc; name = JYContentSwitch.m; path = View/JYContentSwitch.m; sourceTree = "<group>"; };
		5B79C14D1CF405B000092C53 /* JYContentSwitch.xib */ = {isa = PBXFileReference; fileEncoding = 4; lastKnownFileType = file.xib; name = JYContentSwitch.xib; path = View/JYContentSwitch.xib; sourceTree = "<group>"; };
		5B79C1501CF42BA500092C53 /* JYCustomSlider.h */ = {isa = PBXFileReference; fileEncoding = 4; lastKnownFileType = sourcecode.c.h; name = JYCustomSlider.h; path = View/JYCustomSlider.h; sourceTree = "<group>"; };
		5B79C1511CF42BA500092C53 /* JYCustomSlider.m */ = {isa = PBXFileReference; fileEncoding = 4; lastKnownFileType = sourcecode.c.objc; name = JYCustomSlider.m; path = View/JYCustomSlider.m; sourceTree = "<group>"; };
		5B79C1521CF42BA500092C53 /* JYCustomSlider.xib */ = {isa = PBXFileReference; fileEncoding = 4; lastKnownFileType = file.xib; name = JYCustomSlider.xib; path = View/JYCustomSlider.xib; sourceTree = "<group>"; };
		5B79C1551CF4323F00092C53 /* JYButtonCell.h */ = {isa = PBXFileReference; fileEncoding = 4; lastKnownFileType = sourcecode.c.h; name = JYButtonCell.h; path = View/JYButtonCell.h; sourceTree = "<group>"; };
		5B79C1561CF4323F00092C53 /* JYButtonCell.m */ = {isa = PBXFileReference; fileEncoding = 4; lastKnownFileType = sourcecode.c.objc; name = JYButtonCell.m; path = View/JYButtonCell.m; sourceTree = "<group>"; };
		5B79C1571CF4323F00092C53 /* JYButtonCell.xib */ = {isa = PBXFileReference; fileEncoding = 4; lastKnownFileType = file.xib; name = JYButtonCell.xib; path = View/JYButtonCell.xib; sourceTree = "<group>"; };
		5B79C15B1CF4351500092C53 /* JYWhiteBalanceView.h */ = {isa = PBXFileReference; fileEncoding = 4; lastKnownFileType = sourcecode.c.h; path = JYWhiteBalanceView.h; sourceTree = "<group>"; };
		5B79C15C1CF4351500092C53 /* JYWhiteBalanceView.m */ = {isa = PBXFileReference; fileEncoding = 4; lastKnownFileType = sourcecode.c.objc; path = JYWhiteBalanceView.m; sourceTree = "<group>"; };
		5B79C15E1CF4369600092C53 /* JYBanlanceBtn.h */ = {isa = PBXFileReference; fileEncoding = 4; lastKnownFileType = sourcecode.c.h; path = JYBanlanceBtn.h; sourceTree = "<group>"; };
		5B79C15F1CF4369600092C53 /* JYBanlanceBtn.m */ = {isa = PBXFileReference; fileEncoding = 4; lastKnownFileType = sourcecode.c.objc; path = JYBanlanceBtn.m; sourceTree = "<group>"; };
		5B79C1601CF4369600092C53 /* JYBanlanceBtn.xib */ = {isa = PBXFileReference; fileEncoding = 4; lastKnownFileType = file.xib; path = JYBanlanceBtn.xib; sourceTree = "<group>"; };
		5B79C1631CF44DD200092C53 /* JYExposureView.h */ = {isa = PBXFileReference; fileEncoding = 4; lastKnownFileType = sourcecode.c.h; path = JYExposureView.h; sourceTree = "<group>"; };
		5B79C1641CF44DD200092C53 /* JYExposureView.m */ = {isa = PBXFileReference; fileEncoding = 4; lastKnownFileType = sourcecode.c.objc; path = JYExposureView.m; sourceTree = "<group>"; };
		5B79C1661CF459B900092C53 /* DWBubbleMenuButton.h */ = {isa = PBXFileReference; fileEncoding = 4; lastKnownFileType = sourcecode.c.h; path = DWBubbleMenuButton.h; sourceTree = "<group>"; };
		5B79C1671CF459B900092C53 /* DWBubbleMenuButton.m */ = {isa = PBXFileReference; fileEncoding = 4; lastKnownFileType = sourcecode.c.objc; path = DWBubbleMenuButton.m; sourceTree = "<group>"; };
		5B821D2D1CF936F70036D69F /* JYVideoCamera.h */ = {isa = PBXFileReference; fileEncoding = 4; lastKnownFileType = sourcecode.c.h; path = JYVideoCamera.h; sourceTree = "<group>"; };
		5B821D2E1CF936F70036D69F /* JYVideoCamera.m */ = {isa = PBXFileReference; fileEncoding = 4; lastKnownFileType = sourcecode.c.objc; path = JYVideoCamera.m; sourceTree = "<group>"; };
		5B861E101CF58E620057837F /* JYLeftTopView.h */ = {isa = PBXFileReference; fileEncoding = 4; lastKnownFileType = sourcecode.c.h; path = JYLeftTopView.h; sourceTree = "<group>"; };
		5B861E111CF58E620057837F /* JYLeftTopView.m */ = {isa = PBXFileReference; fileEncoding = 4; lastKnownFileType = sourcecode.c.objc; path = JYLeftTopView.m; sourceTree = "<group>"; };
		5B861E131CF5AE150057837F /* SettingData.plist */ = {isa = PBXFileReference; fileEncoding = 4; lastKnownFileType = text.plist.xml; path = SettingData.plist; sourceTree = "<group>"; };
		5B8664941CED994A0081FA95 /* JYThreeButton.h */ = {isa = PBXFileReference; fileEncoding = 4; lastKnownFileType = sourcecode.c.h; path = JYThreeButton.h; sourceTree = "<group>"; };
		5B8664951CED994A0081FA95 /* JYThreeButton.m */ = {isa = PBXFileReference; fileEncoding = 4; lastKnownFileType = sourcecode.c.objc; path = JYThreeButton.m; sourceTree = "<group>"; };
		5B8664991CED9EEB0081FA95 /* JYContentView.h */ = {isa = PBXFileReference; fileEncoding = 4; lastKnownFileType = sourcecode.c.h; path = JYContentView.h; sourceTree = "<group>"; };
		5B86649A1CED9EEB0081FA95 /* JYContentView.m */ = {isa = PBXFileReference; fileEncoding = 4; lastKnownFileType = sourcecode.c.objc; path = JYContentView.m; sourceTree = "<group>"; };
		5B86649C1CEDA7880081FA95 /* JYNSString+Extension.h */ = {isa = PBXFileReference; fileEncoding = 4; lastKnownFileType = sourcecode.c.h; path = "JYNSString+Extension.h"; sourceTree = "<group>"; };
		5B86649D1CEDA7880081FA95 /* JYNSString+Extension.m */ = {isa = PBXFileReference; fileEncoding = 4; lastKnownFileType = sourcecode.c.objc; path = "JYNSString+Extension.m"; sourceTree = "<group>"; };
		5B8664A01CEDA7880081FA95 /* UIImage+CKExtension.h */ = {isa = PBXFileReference; fileEncoding = 4; lastKnownFileType = sourcecode.c.h; path = "UIImage+CKExtension.h"; sourceTree = "<group>"; };
		5B8664A11CEDA7880081FA95 /* UIImage+CKExtension.m */ = {isa = PBXFileReference; fileEncoding = 4; lastKnownFileType = sourcecode.c.objc; path = "UIImage+CKExtension.m"; sourceTree = "<group>"; };
		5B8664A21CEDA7880081FA95 /* UIView+Extension.h */ = {isa = PBXFileReference; fileEncoding = 4; lastKnownFileType = sourcecode.c.h; path = "UIView+Extension.h"; sourceTree = "<group>"; };
		5B8664A31CEDA7880081FA95 /* UIView+Extension.m */ = {isa = PBXFileReference; fileEncoding = 4; lastKnownFileType = sourcecode.c.objc; path = "UIView+Extension.m"; sourceTree = "<group>"; };
		5B8664AC1CEDB5F60081FA95 /* JYContentDirection.m */ = {isa = PBXFileReference; fileEncoding = 4; lastKnownFileType = sourcecode.c.objc; name = JYContentDirection.m; path = View/JYContentDirection.m; sourceTree = "<group>"; };
		5B8664AD1CEDB5F60081FA95 /* JYContentDirection.xib */ = {isa = PBXFileReference; fileEncoding = 4; lastKnownFileType = file.xib; name = JYContentDirection.xib; path = View/JYContentDirection.xib; sourceTree = "<group>"; };
		5B8664B31CEDC3A90081FA95 /* en */ = {isa = PBXFileReference; lastKnownFileType = text.plist.strings; name = en; path = en.lproj/Localizable.strings; sourceTree = "<group>"; };
		5B8664B51CEDC3B40081FA95 /* zh-Hans */ = {isa = PBXFileReference; lastKnownFileType = text.plist.strings; name = "zh-Hans"; path = "zh-Hans.lproj/LaunchScreen.strings"; sourceTree = "<group>"; };
		5B8664B61CEDC3B40081FA95 /* zh-Hans */ = {isa = PBXFileReference; lastKnownFileType = text.plist.strings; name = "zh-Hans"; path = "zh-Hans.lproj/Localizable.strings"; sourceTree = "<group>"; };
		5B869A651CFD246B0070B08A /* JYRulesView.h */ = {isa = PBXFileReference; fileEncoding = 4; lastKnownFileType = sourcecode.c.h; path = JYRulesView.h; sourceTree = "<group>"; };
		5B869A661CFD246B0070B08A /* JYRulesView.m */ = {isa = PBXFileReference; fileEncoding = 4; lastKnownFileType = sourcecode.c.objc; path = JYRulesView.m; sourceTree = "<group>"; };
		5B869A6A1CFD286D0070B08A /* JYVideoView.h */ = {isa = PBXFileReference; fileEncoding = 4; lastKnownFileType = sourcecode.c.h; path = JYVideoView.h; sourceTree = "<group>"; };
		5B869A6B1CFD286D0070B08A /* JYVideoView.m */ = {isa = PBXFileReference; fileEncoding = 4; lastKnownFileType = sourcecode.c.objc; path = JYVideoView.m; sourceTree = "<group>"; };
		5B869A6D1CFD9AED0070B08A /* photoShutter2.caf */ = {isa = PBXFileReference; lastKnownFileType = file; path = photoShutter2.caf; sourceTree = "<group>"; };
		5B931F321D0521D00076E942 /* AAPLStripedImage.h */ = {isa = PBXFileReference; fileEncoding = 4; lastKnownFileType = sourcecode.c.h; path = AAPLStripedImage.h; sourceTree = "<group>"; };
		5B931F331D0521D00076E942 /* AAPLStripedImage.m */ = {isa = PBXFileReference; fileEncoding = 4; lastKnownFileType = sourcecode.c.objc; path = AAPLStripedImage.m; sourceTree = "<group>"; };
		5B931F351D0525930076E942 /* AAPLMacros.h */ = {isa = PBXFileReference; fileEncoding = 4; lastKnownFileType = sourcecode.c.h; path = AAPLMacros.h; sourceTree = "<group>"; };
/* End PBXFileReference section */

/* Begin PBXFrameworksBuildPhase section */
		5B30E2091CEAB1EC00906281 /* Frameworks */ = {
			isa = PBXFrameworksBuildPhase;
			buildActionMask = 2147483647;
			files = (
				1C04C3D184423261C53AEA68 /* libPods-SeptCamera.a in Frameworks */,
			);
			runOnlyForDeploymentPostprocessing = 0;
		};
		5B30E2221CEAB1EC00906281 /* Frameworks */ = {
			isa = PBXFrameworksBuildPhase;
			buildActionMask = 2147483647;
			files = (
			);
			runOnlyForDeploymentPostprocessing = 0;
		};
		5B30E22D1CEAB1ED00906281 /* Frameworks */ = {
			isa = PBXFrameworksBuildPhase;
			buildActionMask = 2147483647;
			files = (
			);
			runOnlyForDeploymentPostprocessing = 0;
		};
/* End PBXFrameworksBuildPhase section */

/* Begin PBXGroup section */
		3641F8A96784F83002824A6D /* Frameworks */ = {
			isa = PBXGroup;
			children = (
				50246C2F82F255216EB5CCC6 /* libPods-SeptCamera.a */,
			);
			name = Frameworks;
			sourceTree = "<group>";
		};
		5B30E2031CEAB1EB00906281 = {
			isa = PBXGroup;
			children = (
				5B30E20E1CEAB1EC00906281 /* SeptCamera */,
				5B30E2281CEAB1EC00906281 /* SeptCameraTests */,
				5B30E2331CEAB1ED00906281 /* SeptCameraUITests */,
				5B30E20D1CEAB1EC00906281 /* Products */,
				AF32CF4992B8C5FC5403A5D4 /* Pods */,
				3641F8A96784F83002824A6D /* Frameworks */,
			);
			sourceTree = "<group>";
		};
		5B30E20D1CEAB1EC00906281 /* Products */ = {
			isa = PBXGroup;
			children = (
				5B30E20C1CEAB1EC00906281 /* SeptCamera.app */,
				5B30E2251CEAB1EC00906281 /* SeptCameraTests.xctest */,
				5B30E2301CEAB1ED00906281 /* SeptCameraUITests.xctest */,
			);
			name = Products;
			sourceTree = "<group>";
		};
		5B30E20E1CEAB1EC00906281 /* SeptCamera */ = {
			isa = PBXGroup;
			children = (
				5B3BF52A1CEABED700EFBD58 /* Main */,
				5B3BF51B1CEABED700EFBD58 /* Classes */,
				5B3BF52D1CEABED700EFBD58 /* Other */,
				5B30E20F1CEAB1EC00906281 /* Supporting Files */,
			);
			path = SeptCamera;
			sourceTree = "<group>";
		};
		5B30E20F1CEAB1EC00906281 /* Supporting Files */ = {
			isa = PBXGroup;
			children = (
				5B30E2121CEAB1EC00906281 /* AppDelegate.h */,
				5B30E2131CEAB1EC00906281 /* AppDelegate.m */,
				5B30E21B1CEAB1EC00906281 /* Assets.xcassets */,
				5B30E21D1CEAB1EC00906281 /* LaunchScreen.storyboard */,
				5B30E2201CEAB1EC00906281 /* Info.plist */,
				5B30E2101CEAB1EC00906281 /* main.m */,
				5B8664B41CEDC3A90081FA95 /* Localizable.strings */,
				5B79C14A1CF403DF00092C53 /* PrefixHeader.pch */,
				5B861E131CF5AE150057837F /* SettingData.plist */,
				5B869A6D1CFD9AED0070B08A /* photoShutter2.caf */,
			);
			name = "Supporting Files";
			sourceTree = "<group>";
		};
		5B30E2281CEAB1EC00906281 /* SeptCameraTests */ = {
			isa = PBXGroup;
			children = (
				5B30E2291CEAB1ED00906281 /* SeptCameraTests.m */,
				5B30E22B1CEAB1ED00906281 /* Info.plist */,
			);
			path = SeptCameraTests;
			sourceTree = "<group>";
		};
		5B30E2331CEAB1ED00906281 /* SeptCameraUITests */ = {
			isa = PBXGroup;
			children = (
				5B30E2341CEAB1ED00906281 /* SeptCameraUITests.m */,
				5B30E2361CEAB1ED00906281 /* Info.plist */,
			);
			path = SeptCameraUITests;
			sourceTree = "<group>";
		};
		5B3BF51B1CEABED700EFBD58 /* Classes */ = {
			isa = PBXGroup;
			children = (
				5B3BF51C1CEABED700EFBD58 /* Home */,
				5B3BF5221CEABED700EFBD58 /* NewFeture */,
				5B3BF5261CEABED700EFBD58 /* WebView */,
			);
			path = Classes;
			sourceTree = "<group>";
		};
		5B3BF51C1CEABED700EFBD58 /* Home */ = {
			isa = PBXGroup;
			children = (
				5B3BF51D1CEABED700EFBD58 /* Controller */,
				5B3BF5201CEABED700EFBD58 /* Model */,
				5B3BF5211CEABED700EFBD58 /* View */,
				5B79C15A1CF434E700092C53 /* Cell */,
			);
			path = Home;
			sourceTree = "<group>";
		};
		5B3BF51D1CEABED700EFBD58 /* Controller */ = {
			isa = PBXGroup;
			children = (
				5B3BF51E1CEABED700EFBD58 /* JYHomeController.h */,
				5B3BF51F1CEABED700EFBD58 /* JYHomeController.m */,
			);
			path = Controller;
			sourceTree = "<group>";
		};
		5B3BF5201CEABED700EFBD58 /* Model */ = {
			isa = PBXGroup;
			children = (
				5B3239001CFC46540066F2B7 /* JYSettings.h */,
				5B3239011CFC46540066F2B7 /* JYSettings.m */,
			);
			path = Model;
			sourceTree = "<group>";
		};
		5B3BF5211CEABED700EFBD58 /* View */ = {
			isa = PBXGroup;
			children = (
				5B861E101CF58E620057837F /* JYLeftTopView.h */,
				5B861E111CF58E620057837F /* JYLeftTopView.m */,
				5B8664991CED9EEB0081FA95 /* JYContentView.h */,
				5B86649A1CED9EEB0081FA95 /* JYContentView.m */,
				5B3BF5391CEB030900EFBD58 /* JYLeftTopViewMasnory.h */,
				5B3BF53A1CEB030900EFBD58 /* JYLeftTopViewMasnory.m */,
				5B8664941CED994A0081FA95 /* JYThreeButton.h */,
				5B8664951CED994A0081FA95 /* JYThreeButton.m */,
				5B79C15B1CF4351500092C53 /* JYWhiteBalanceView.h */,
				5B79C15C1CF4351500092C53 /* JYWhiteBalanceView.m */,
				5B79C1631CF44DD200092C53 /* JYExposureView.h */,
				5B79C1641CF44DD200092C53 /* JYExposureView.m */,
				5B79C1661CF459B900092C53 /* DWBubbleMenuButton.h */,
				5B79C1671CF459B900092C53 /* DWBubbleMenuButton.m */,
				5B869A651CFD246B0070B08A /* JYRulesView.h */,
				5B869A661CFD246B0070B08A /* JYRulesView.m */,
				5B869A6A1CFD286D0070B08A /* JYVideoView.h */,
				5B869A6B1CFD286D0070B08A /* JYVideoView.m */,
				5B3614681CFE96AA00A79517 /* JYSeletcedView.h */,
				5B3614691CFE96AB00A79517 /* JYSeletcedView.m */,
			);
			path = View;
			sourceTree = "<group>";
		};
		5B3BF5221CEABED700EFBD58 /* NewFeture */ = {
			isa = PBXGroup;
			children = (
				5B3BF5231CEABED700EFBD58 /* Controller */,
				5B3BF5241CEABED700EFBD58 /* Model */,
				5B3BF5251CEABED700EFBD58 /* View */,
			);
			path = NewFeture;
			sourceTree = "<group>";
		};
		5B3BF5231CEABED700EFBD58 /* Controller */ = {
			isa = PBXGroup;
			children = (
			);
			path = Controller;
			sourceTree = "<group>";
		};
		5B3BF5241CEABED700EFBD58 /* Model */ = {
			isa = PBXGroup;
			children = (
			);
			path = Model;
			sourceTree = "<group>";
		};
		5B3BF5251CEABED700EFBD58 /* View */ = {
			isa = PBXGroup;
			children = (
			);
			path = View;
			sourceTree = "<group>";
		};
		5B3BF5261CEABED700EFBD58 /* WebView */ = {
			isa = PBXGroup;
			children = (
				5B3BF5271CEABED700EFBD58 /* Controller */,
				5B3BF5281CEABED700EFBD58 /* Model */,
				5B3BF5291CEABED700EFBD58 /* View */,
			);
			path = WebView;
			sourceTree = "<group>";
		};
		5B3BF5271CEABED700EFBD58 /* Controller */ = {
			isa = PBXGroup;
			children = (
			);
			path = Controller;
			sourceTree = "<group>";
		};
		5B3BF5281CEABED700EFBD58 /* Model */ = {
			isa = PBXGroup;
			children = (
			);
			path = Model;
			sourceTree = "<group>";
		};
		5B3BF5291CEABED700EFBD58 /* View */ = {
			isa = PBXGroup;
			children = (
			);
			path = View;
			sourceTree = "<group>";
		};
		5B3BF52A1CEABED700EFBD58 /* Main */ = {
			isa = PBXGroup;
			children = (
				5B3BF52B1CEABED700EFBD58 /* Camera */,
				5B3BF52C1CEABED700EFBD58 /* CoreBlue */,
			);
			path = Main;
			sourceTree = "<group>";
		};
		5B3BF52B1CEABED700EFBD58 /* Camera */ = {
			isa = PBXGroup;
			children = (
				5B3BF52F1CEABEF100EFBD58 /* JYCameraManager.h */,
				5B3BF5301CEABEF100EFBD58 /* JYCameraManager.m */,
				5B821D2D1CF936F70036D69F /* JYVideoCamera.h */,
				5B821D2E1CF936F70036D69F /* JYVideoCamera.m */,
			);
			path = Camera;
			sourceTree = "<group>";
		};
		5B3BF52C1CEABED700EFBD58 /* CoreBlue */ = {
			isa = PBXGroup;
			children = (
			);
			path = CoreBlue;
			sourceTree = "<group>";
		};
		5B3BF52D1CEABED700EFBD58 /* Other */ = {
			isa = PBXGroup;
			children = (
				5B931F311D0521C70076E942 /* HDR */,
				5B79C1451CF3DF3000092C53 /* Language */,
				5B3BF5351CEAC05500EFBD58 /* Categor */,
				5B3BF5341CEAC04A00EFBD58 /* Base */,
			);
			path = Other;
			sourceTree = "<group>";
		};
		5B3BF5341CEAC04A00EFBD58 /* Base */ = {
			isa = PBXGroup;
			children = (
				5B3BF5361CEAC05F00EFBD58 /* JYNavigationController.h */,
				5B3BF5371CEAC05F00EFBD58 /* JYNavigationController.m */,
			);
			path = Base;
			sourceTree = "<group>";
		};
		5B3BF5351CEAC05500EFBD58 /* Categor */ = {
			isa = PBXGroup;
			children = (
				5B86649C1CEDA7880081FA95 /* JYNSString+Extension.h */,
				5B86649D1CEDA7880081FA95 /* JYNSString+Extension.m */,
				5B8664A01CEDA7880081FA95 /* UIImage+CKExtension.h */,
				5B8664A11CEDA7880081FA95 /* UIImage+CKExtension.m */,
				5B8664A21CEDA7880081FA95 /* UIView+Extension.h */,
				5B8664A31CEDA7880081FA95 /* UIView+Extension.m */,
			);
			path = Categor;
			sourceTree = "<group>";
		};
		5B79C1451CF3DF3000092C53 /* Language */ = {
			isa = PBXGroup;
			children = (
				5B79C1461CF3DF3000092C53 /* JYLanguageTool.h */,
				5B79C1471CF3DF3000092C53 /* JYLanguageTool.m */,
			);
			path = Language;
			sourceTree = "<group>";
		};
		5B79C15A1CF434E700092C53 /* Cell */ = {
			isa = PBXGroup;
			children = (
				5B79C1491CF4039F00092C53 /* JYContentDirection.h */,
				5B8664AC1CEDB5F60081FA95 /* JYContentDirection.m */,
				5B8664AD1CEDB5F60081FA95 /* JYContentDirection.xib */,
				5B79C14B1CF405B000092C53 /* JYContentSwitch.h */,
				5B79C14C1CF405B000092C53 /* JYContentSwitch.m */,
				5B79C14D1CF405B000092C53 /* JYContentSwitch.xib */,
				5B79C1501CF42BA500092C53 /* JYCustomSlider.h */,
				5B79C1511CF42BA500092C53 /* JYCustomSlider.m */,
				5B79C1521CF42BA500092C53 /* JYCustomSlider.xib */,
				5B79C1551CF4323F00092C53 /* JYButtonCell.h */,
				5B79C1561CF4323F00092C53 /* JYButtonCell.m */,
				5B79C1571CF4323F00092C53 /* JYButtonCell.xib */,
				5B79C15E1CF4369600092C53 /* JYBanlanceBtn.h */,
				5B79C15F1CF4369600092C53 /* JYBanlanceBtn.m */,
				5B79C1601CF4369600092C53 /* JYBanlanceBtn.xib */,
			);
			name = Cell;
			sourceTree = "<group>";
		};
		5B931F311D0521C70076E942 /* HDR */ = {
			isa = PBXGroup;
			children = (
				5B931F351D0525930076E942 /* AAPLMacros.h */,
				5B931F321D0521D00076E942 /* AAPLStripedImage.h */,
				5B931F331D0521D00076E942 /* AAPLStripedImage.m */,
			);
			path = HDR;
			sourceTree = "<group>";
		};
		AF32CF4992B8C5FC5403A5D4 /* Pods */ = {
			isa = PBXGroup;
			children = (
				563A90A01470DC6B8F04F2B7 /* Pods-SeptCamera.debug.xcconfig */,
				1C6FADDA2551AD198268629C /* Pods-SeptCamera.release.xcconfig */,
			);
			name = Pods;
			sourceTree = "<group>";
		};
/* End PBXGroup section */

/* Begin PBXNativeTarget section */
		5B30E20B1CEAB1EC00906281 /* SeptCamera */ = {
			isa = PBXNativeTarget;
			buildConfigurationList = 5B30E2391CEAB1ED00906281 /* Build configuration list for PBXNativeTarget "SeptCamera" */;
			buildPhases = (
				5F9960A5BB540C51C0CA6E19 /* Check Pods Manifest.lock */,
				5B30E2081CEAB1EC00906281 /* Sources */,
				5B30E2091CEAB1EC00906281 /* Frameworks */,
				5B30E20A1CEAB1EC00906281 /* Resources */,
				E6B88E841D2A5E06EE3A906C /* Embed Pods Frameworks */,
				BA3655A00CCF70A5390F937E /* Copy Pods Resources */,
			);
			buildRules = (
			);
			dependencies = (
			);
			name = SeptCamera;
			productName = SeptCamera;
			productReference = 5B30E20C1CEAB1EC00906281 /* SeptCamera.app */;
			productType = "com.apple.product-type.application";
		};
		5B30E2241CEAB1EC00906281 /* SeptCameraTests */ = {
			isa = PBXNativeTarget;
			buildConfigurationList = 5B30E23C1CEAB1ED00906281 /* Build configuration list for PBXNativeTarget "SeptCameraTests" */;
			buildPhases = (
				5B30E2211CEAB1EC00906281 /* Sources */,
				5B30E2221CEAB1EC00906281 /* Frameworks */,
				5B30E2231CEAB1EC00906281 /* Resources */,
			);
			buildRules = (
			);
			dependencies = (
				5B30E2271CEAB1EC00906281 /* PBXTargetDependency */,
			);
			name = SeptCameraTests;
			productName = SeptCameraTests;
			productReference = 5B30E2251CEAB1EC00906281 /* SeptCameraTests.xctest */;
			productType = "com.apple.product-type.bundle.unit-test";
		};
		5B30E22F1CEAB1ED00906281 /* SeptCameraUITests */ = {
			isa = PBXNativeTarget;
			buildConfigurationList = 5B30E23F1CEAB1ED00906281 /* Build configuration list for PBXNativeTarget "SeptCameraUITests" */;
			buildPhases = (
				5B30E22C1CEAB1ED00906281 /* Sources */,
				5B30E22D1CEAB1ED00906281 /* Frameworks */,
				5B30E22E1CEAB1ED00906281 /* Resources */,
			);
			buildRules = (
			);
			dependencies = (
				5B30E2321CEAB1ED00906281 /* PBXTargetDependency */,
			);
			name = SeptCameraUITests;
			productName = SeptCameraUITests;
			productReference = 5B30E2301CEAB1ED00906281 /* SeptCameraUITests.xctest */;
			productType = "com.apple.product-type.bundle.ui-testing";
		};
/* End PBXNativeTarget section */

/* Begin PBXProject section */
		5B30E2041CEAB1EC00906281 /* Project object */ = {
			isa = PBXProject;
			attributes = {
				LastUpgradeCheck = 0730;
				ORGANIZATIONNAME = "九月";
				TargetAttributes = {
					5B30E20B1CEAB1EC00906281 = {
						CreatedOnToolsVersion = 7.3;
						DevelopmentTeam = 8JD24CDC43;
					};
					5B30E2241CEAB1EC00906281 = {
						CreatedOnToolsVersion = 7.3;
						TestTargetID = 5B30E20B1CEAB1EC00906281;
					};
					5B30E22F1CEAB1ED00906281 = {
						CreatedOnToolsVersion = 7.3;
						TestTargetID = 5B30E20B1CEAB1EC00906281;
					};
				};
			};
			buildConfigurationList = 5B30E2071CEAB1EC00906281 /* Build configuration list for PBXProject "SeptCamera" */;
			compatibilityVersion = "Xcode 3.2";
			developmentRegion = English;
			hasScannedForEncodings = 0;
			knownRegions = (
				en,
				Base,
				"zh-Hans",
			);
			mainGroup = 5B30E2031CEAB1EB00906281;
			productRefGroup = 5B30E20D1CEAB1EC00906281 /* Products */;
			projectDirPath = "";
			projectRoot = "";
			targets = (
				5B30E20B1CEAB1EC00906281 /* SeptCamera */,
				5B30E2241CEAB1EC00906281 /* SeptCameraTests */,
				5B30E22F1CEAB1ED00906281 /* SeptCameraUITests */,
			);
		};
/* End PBXProject section */

/* Begin PBXResourcesBuildPhase section */
		5B30E20A1CEAB1EC00906281 /* Resources */ = {
			isa = PBXResourcesBuildPhase;
			buildActionMask = 2147483647;
			files = (
				5B869A6E1CFD9AED0070B08A /* photoShutter2.caf in Resources */,
				5B79C1591CF4323F00092C53 /* JYButtonCell.xib in Resources */,
				5B8664B21CEDC3A90081FA95 /* Localizable.strings in Resources */,
				5B79C1621CF4369600092C53 /* JYBanlanceBtn.xib in Resources */,
				5B79C1541CF42BA500092C53 /* JYCustomSlider.xib in Resources */,
				5B8664AF1CEDB5F60081FA95 /* JYContentDirection.xib in Resources */,
				5B30E21F1CEAB1EC00906281 /* LaunchScreen.storyboard in Resources */,
				5B861E141CF5AE150057837F /* SettingData.plist in Resources */,
				5B79C14F1CF405B000092C53 /* JYContentSwitch.xib in Resources */,
				5B30E21C1CEAB1EC00906281 /* Assets.xcassets in Resources */,
			);
			runOnlyForDeploymentPostprocessing = 0;
		};
		5B30E2231CEAB1EC00906281 /* Resources */ = {
			isa = PBXResourcesBuildPhase;
			buildActionMask = 2147483647;
			files = (
			);
			runOnlyForDeploymentPostprocessing = 0;
		};
		5B30E22E1CEAB1ED00906281 /* Resources */ = {
			isa = PBXResourcesBuildPhase;
			buildActionMask = 2147483647;
			files = (
			);
			runOnlyForDeploymentPostprocessing = 0;
		};
/* End PBXResourcesBuildPhase section */

/* Begin PBXShellScriptBuildPhase section */
		5F9960A5BB540C51C0CA6E19 /* Check Pods Manifest.lock */ = {
			isa = PBXShellScriptBuildPhase;
			buildActionMask = 2147483647;
			files = (
			);
			inputPaths = (
			);
			name = "Check Pods Manifest.lock";
			outputPaths = (
			);
			runOnlyForDeploymentPostprocessing = 0;
			shellPath = /bin/sh;
			shellScript = "diff \"${PODS_ROOT}/../Podfile.lock\" \"${PODS_ROOT}/Manifest.lock\" > /dev/null\nif [[ $? != 0 ]] ; then\n    cat << EOM\nerror: The sandbox is not in sync with the Podfile.lock. Run 'pod install' or update your CocoaPods installation.\nEOM\n    exit 1\nfi\n";
			showEnvVarsInLog = 0;
		};
		BA3655A00CCF70A5390F937E /* Copy Pods Resources */ = {
			isa = PBXShellScriptBuildPhase;
			buildActionMask = 2147483647;
			files = (
			);
			inputPaths = (
			);
			name = "Copy Pods Resources";
			outputPaths = (
			);
			runOnlyForDeploymentPostprocessing = 0;
			shellPath = /bin/sh;
			shellScript = "\"${SRCROOT}/Pods/Target Support Files/Pods-SeptCamera/Pods-SeptCamera-resources.sh\"\n";
			showEnvVarsInLog = 0;
		};
		E6B88E841D2A5E06EE3A906C /* Embed Pods Frameworks */ = {
			isa = PBXShellScriptBuildPhase;
			buildActionMask = 2147483647;
			files = (
			);
			inputPaths = (
			);
			name = "Embed Pods Frameworks";
			outputPaths = (
			);
			runOnlyForDeploymentPostprocessing = 0;
			shellPath = /bin/sh;
			shellScript = "\"${SRCROOT}/Pods/Target Support Files/Pods-SeptCamera/Pods-SeptCamera-frameworks.sh\"\n";
			showEnvVarsInLog = 0;
		};
/* End PBXShellScriptBuildPhase section */

/* Begin PBXSourcesBuildPhase section */
		5B30E2081CEAB1EC00906281 /* Sources */ = {
			isa = PBXSourcesBuildPhase;
			buildActionMask = 2147483647;
			files = (
				5B30E2141CEAB1EC00906281 /* AppDelegate.m in Sources */,
				5B79C1611CF4369600092C53 /* JYBanlanceBtn.m in Sources */,
				5B30E2111CEAB1EC00906281 /* main.m in Sources */,
				5B8664A41CEDA7880081FA95 /* JYNSString+Extension.m in Sources */,
				5B8664961CED994A0081FA95 /* JYThreeButton.m in Sources */,
				5B79C1481CF3DF3000092C53 /* JYLanguageTool.m in Sources */,
				5B3239021CFC46540066F2B7 /* JYSettings.m in Sources */,
				5B8664A61CEDA7880081FA95 /* UIImage+CKExtension.m in Sources */,
				5B8664A71CEDA7880081FA95 /* UIView+Extension.m in Sources */,
				5B86649B1CED9EEB0081FA95 /* JYContentView.m in Sources */,
				5B79C1581CF4323F00092C53 /* JYButtonCell.m in Sources */,
				5B3BF53B1CEB030900EFBD58 /* JYLeftTopViewMasnory.m in Sources */,
				5B8664AE1CEDB5F60081FA95 /* JYContentDirection.m in Sources */,
				5B79C14E1CF405B000092C53 /* JYContentSwitch.m in Sources */,
				5B931F341D0521D00076E942 /* AAPLStripedImage.m in Sources */,
				5B79C1531CF42BA500092C53 /* JYCustomSlider.m in Sources */,
				5B79C15D1CF4351500092C53 /* JYWhiteBalanceView.m in Sources */,
				5B821D2F1CF936F70036D69F /* JYVideoCamera.m in Sources */,
				5B869A671CFD246B0070B08A /* JYRulesView.m in Sources */,
				5B79C1681CF459B900092C53 /* DWBubbleMenuButton.m in Sources */,
				5B3BF5381CEAC05F00EFBD58 /* JYNavigationController.m in Sources */,
				5B861E121CF58E620057837F /* JYLeftTopView.m in Sources */,
				5B869A6C1CFD286D0070B08A /* JYVideoView.m in Sources */,
				5B79C1651CF44DD200092C53 /* JYExposureView.m in Sources */,
				5B3BF52E1CEABED700EFBD58 /* JYHomeController.m in Sources */,
				5B36146A1CFE96AB00A79517 /* JYSeletcedView.m in Sources */,
				5B3BF5311CEABEF100EFBD58 /* JYCameraManager.m in Sources */,
			);
			runOnlyForDeploymentPostprocessing = 0;
		};
		5B30E2211CEAB1EC00906281 /* Sources */ = {
			isa = PBXSourcesBuildPhase;
			buildActionMask = 2147483647;
			files = (
				5B30E22A1CEAB1ED00906281 /* SeptCameraTests.m in Sources */,
			);
			runOnlyForDeploymentPostprocessing = 0;
		};
		5B30E22C1CEAB1ED00906281 /* Sources */ = {
			isa = PBXSourcesBuildPhase;
			buildActionMask = 2147483647;
			files = (
				5B30E2351CEAB1ED00906281 /* SeptCameraUITests.m in Sources */,
			);
			runOnlyForDeploymentPostprocessing = 0;
		};
/* End PBXSourcesBuildPhase section */

/* Begin PBXTargetDependency section */
		5B30E2271CEAB1EC00906281 /* PBXTargetDependency */ = {
			isa = PBXTargetDependency;
			target = 5B30E20B1CEAB1EC00906281 /* SeptCamera */;
			targetProxy = 5B30E2261CEAB1EC00906281 /* PBXContainerItemProxy */;
		};
		5B30E2321CEAB1ED00906281 /* PBXTargetDependency */ = {
			isa = PBXTargetDependency;
			target = 5B30E20B1CEAB1EC00906281 /* SeptCamera */;
			targetProxy = 5B30E2311CEAB1ED00906281 /* PBXContainerItemProxy */;
		};
/* End PBXTargetDependency section */

/* Begin PBXVariantGroup section */
		5B30E21D1CEAB1EC00906281 /* LaunchScreen.storyboard */ = {
			isa = PBXVariantGroup;
			children = (
				5B30E21E1CEAB1EC00906281 /* Base */,
				5B8664B51CEDC3B40081FA95 /* zh-Hans */,
			);
			name = LaunchScreen.storyboard;
			sourceTree = "<group>";
		};
		5B8664B41CEDC3A90081FA95 /* Localizable.strings */ = {
			isa = PBXVariantGroup;
			children = (
				5B8664B31CEDC3A90081FA95 /* en */,
				5B8664B61CEDC3B40081FA95 /* zh-Hans */,
			);
			name = Localizable.strings;
			sourceTree = "<group>";
		};
/* End PBXVariantGroup section */

/* Begin XCBuildConfiguration section */
		5B30E2371CEAB1ED00906281 /* Debug */ = {
			isa = XCBuildConfiguration;
			buildSettings = {
				ALWAYS_SEARCH_USER_PATHS = NO;
				CLANG_ANALYZER_NONNULL = YES;
				CLANG_CXX_LANGUAGE_STANDARD = "gnu++0x";
				CLANG_CXX_LIBRARY = "libc++";
				CLANG_ENABLE_MODULES = YES;
				CLANG_ENABLE_OBJC_ARC = YES;
				CLANG_WARN_BOOL_CONVERSION = YES;
				CLANG_WARN_CONSTANT_CONVERSION = YES;
				CLANG_WARN_DIRECT_OBJC_ISA_USAGE = YES_ERROR;
				CLANG_WARN_EMPTY_BODY = YES;
				CLANG_WARN_ENUM_CONVERSION = YES;
				CLANG_WARN_INT_CONVERSION = YES;
				CLANG_WARN_OBJC_ROOT_CLASS = YES_ERROR;
				CLANG_WARN_UNREACHABLE_CODE = YES;
				CLANG_WARN__DUPLICATE_METHOD_MATCH = YES;
				"CODE_SIGN_IDENTITY[sdk=iphoneos*]" = "iPhone Developer";
				COPY_PHASE_STRIP = NO;
				DEBUG_INFORMATION_FORMAT = dwarf;
				ENABLE_STRICT_OBJC_MSGSEND = YES;
				ENABLE_TESTABILITY = YES;
				GCC_C_LANGUAGE_STANDARD = gnu99;
				GCC_DYNAMIC_NO_PIC = NO;
				GCC_NO_COMMON_BLOCKS = YES;
				GCC_OPTIMIZATION_LEVEL = 0;
				GCC_PREPROCESSOR_DEFINITIONS = (
					"DEBUG=1",
					"$(inherited)",
				);
				GCC_WARN_64_TO_32_BIT_CONVERSION = YES;
				GCC_WARN_ABOUT_RETURN_TYPE = YES_ERROR;
				GCC_WARN_UNDECLARED_SELECTOR = YES;
				GCC_WARN_UNINITIALIZED_AUTOS = YES_AGGRESSIVE;
				GCC_WARN_UNUSED_FUNCTION = YES;
				GCC_WARN_UNUSED_VARIABLE = YES;
				IPHONEOS_DEPLOYMENT_TARGET = 9.3;
				MTL_ENABLE_DEBUG_INFO = YES;
				ONLY_ACTIVE_ARCH = YES;
				SDKROOT = iphoneos;
			};
			name = Debug;
		};
		5B30E2381CEAB1ED00906281 /* Release */ = {
			isa = XCBuildConfiguration;
			buildSettings = {
				ALWAYS_SEARCH_USER_PATHS = NO;
				CLANG_ANALYZER_NONNULL = YES;
				CLANG_CXX_LANGUAGE_STANDARD = "gnu++0x";
				CLANG_CXX_LIBRARY = "libc++";
				CLANG_ENABLE_MODULES = YES;
				CLANG_ENABLE_OBJC_ARC = YES;
				CLANG_WARN_BOOL_CONVERSION = YES;
				CLANG_WARN_CONSTANT_CONVERSION = YES;
				CLANG_WARN_DIRECT_OBJC_ISA_USAGE = YES_ERROR;
				CLANG_WARN_EMPTY_BODY = YES;
				CLANG_WARN_ENUM_CONVERSION = YES;
				CLANG_WARN_INT_CONVERSION = YES;
				CLANG_WARN_OBJC_ROOT_CLASS = YES_ERROR;
				CLANG_WARN_UNREACHABLE_CODE = YES;
				CLANG_WARN__DUPLICATE_METHOD_MATCH = YES;
				"CODE_SIGN_IDENTITY[sdk=iphoneos*]" = "iPhone Developer";
				COPY_PHASE_STRIP = NO;
				DEBUG_INFORMATION_FORMAT = "dwarf-with-dsym";
				ENABLE_NS_ASSERTIONS = NO;
				ENABLE_STRICT_OBJC_MSGSEND = YES;
				GCC_C_LANGUAGE_STANDARD = gnu99;
				GCC_NO_COMMON_BLOCKS = YES;
				GCC_WARN_64_TO_32_BIT_CONVERSION = YES;
				GCC_WARN_ABOUT_RETURN_TYPE = YES_ERROR;
				GCC_WARN_UNDECLARED_SELECTOR = YES;
				GCC_WARN_UNINITIALIZED_AUTOS = YES_AGGRESSIVE;
				GCC_WARN_UNUSED_FUNCTION = YES;
				GCC_WARN_UNUSED_VARIABLE = YES;
				IPHONEOS_DEPLOYMENT_TARGET = 9.3;
				MTL_ENABLE_DEBUG_INFO = NO;
				SDKROOT = iphoneos;
				VALIDATE_PRODUCT = YES;
			};
			name = Release;
		};
		5B30E23A1CEAB1ED00906281 /* Debug */ = {
			isa = XCBuildConfiguration;
			baseConfigurationReference = 563A90A01470DC6B8F04F2B7 /* Pods-SeptCamera.debug.xcconfig */;
			buildSettings = {
				ASSETCATALOG_COMPILER_APPICON_NAME = AppIcon;
				CODE_SIGN_IDENTITY = "iPhone Developer";
				"CODE_SIGN_IDENTITY[sdk=iphoneos*]" = "iPhone Developer";
				GCC_PREFIX_HEADER = SeptCamera/PrefixHeader.pch;
				INFOPLIST_FILE = SeptCamera/Info.plist;
				IPHONEOS_DEPLOYMENT_TARGET = 8.0;
				LD_RUNPATH_SEARCH_PATHS = "$(inherited) @executable_path/Frameworks";
				PRODUCT_BUNDLE_IDENTIFIER = com.ezcam360.SeptCamera;
				PRODUCT_NAME = "$(TARGET_NAME)";
				PROVISIONING_PROFILE = "";
			};
			name = Debug;
		};
		5B30E23B1CEAB1ED00906281 /* Release */ = {
			isa = XCBuildConfiguration;
			baseConfigurationReference = 1C6FADDA2551AD198268629C /* Pods-SeptCamera.release.xcconfig */;
			buildSettings = {
				ASSETCATALOG_COMPILER_APPICON_NAME = AppIcon;
				CODE_SIGN_IDENTITY = "iPhone Developer";
				"CODE_SIGN_IDENTITY[sdk=iphoneos*]" = "iPhone Developer";
				GCC_PREFIX_HEADER = SeptCamera/PrefixHeader.pch;
				INFOPLIST_FILE = SeptCamera/Info.plist;
				IPHONEOS_DEPLOYMENT_TARGET = 8.0;
				LD_RUNPATH_SEARCH_PATHS = "$(inherited) @executable_path/Frameworks";
				PRODUCT_BUNDLE_IDENTIFIER = com.ezcam360.SeptCamera;
				PRODUCT_NAME = "$(TARGET_NAME)";
				PROVISIONING_PROFILE = "";
			};
			name = Release;
		};
		5B30E23D1CEAB1ED00906281 /* Debug */ = {
			isa = XCBuildConfiguration;
			buildSettings = {
				BUNDLE_LOADER = "$(TEST_HOST)";
				INFOPLIST_FILE = SeptCameraTests/Info.plist;
				LD_RUNPATH_SEARCH_PATHS = "$(inherited) @executable_path/Frameworks @loader_path/Frameworks";
				PRODUCT_BUNDLE_IDENTIFIER = com.ezcam360.SeptCameraTests;
				PRODUCT_NAME = "$(TARGET_NAME)";
				TEST_HOST = "$(BUILT_PRODUCTS_DIR)/SeptCamera.app/SeptCamera";
			};
			name = Debug;
		};
		5B30E23E1CEAB1ED00906281 /* Release */ = {
			isa = XCBuildConfiguration;
			buildSettings = {
				BUNDLE_LOADER = "$(TEST_HOST)";
				INFOPLIST_FILE = SeptCameraTests/Info.plist;
				LD_RUNPATH_SEARCH_PATHS = "$(inherited) @executable_path/Frameworks @loader_path/Frameworks";
				PRODUCT_BUNDLE_IDENTIFIER = com.ezcam360.SeptCameraTests;
				PRODUCT_NAME = "$(TARGET_NAME)";
				TEST_HOST = "$(BUILT_PRODUCTS_DIR)/SeptCamera.app/SeptCamera";
			};
			name = Release;
		};
		5B30E2401CEAB1ED00906281 /* Debug */ = {
			isa = XCBuildConfiguration;
			buildSettings = {
				INFOPLIST_FILE = SeptCameraUITests/Info.plist;
				LD_RUNPATH_SEARCH_PATHS = "$(inherited) @executable_path/Frameworks @loader_path/Frameworks";
				PRODUCT_BUNDLE_IDENTIFIER = com.ezcam360.SeptCameraUITests;
				PRODUCT_NAME = "$(TARGET_NAME)";
				TEST_TARGET_NAME = SeptCamera;
			};
			name = Debug;
		};
		5B30E2411CEAB1ED00906281 /* Release */ = {
			isa = XCBuildConfiguration;
			buildSettings = {
				INFOPLIST_FILE = SeptCameraUITests/Info.plist;
				LD_RUNPATH_SEARCH_PATHS = "$(inherited) @executable_path/Frameworks @loader_path/Frameworks";
				PRODUCT_BUNDLE_IDENTIFIER = com.ezcam360.SeptCameraUITests;
				PRODUCT_NAME = "$(TARGET_NAME)";
				TEST_TARGET_NAME = SeptCamera;
			};
			name = Release;
		};
/* End XCBuildConfiguration section */

/* Begin XCConfigurationList section */
		5B30E2071CEAB1EC00906281 /* Build configuration list for PBXProject "SeptCamera" */ = {
			isa = XCConfigurationList;
			buildConfigurations = (
				5B30E2371CEAB1ED00906281 /* Debug */,
				5B30E2381CEAB1ED00906281 /* Release */,
			);
			defaultConfigurationIsVisible = 0;
			defaultConfigurationName = Release;
		};
		5B30E2391CEAB1ED00906281 /* Build configuration list for PBXNativeTarget "SeptCamera" */ = {
			isa = XCConfigurationList;
			buildConfigurations = (
				5B30E23A1CEAB1ED00906281 /* Debug */,
				5B30E23B1CEAB1ED00906281 /* Release */,
			);
			defaultConfigurationIsVisible = 0;
			defaultConfigurationName = Release;
		};
		5B30E23C1CEAB1ED00906281 /* Build configuration list for PBXNativeTarget "SeptCameraTests" */ = {
			isa = XCConfigurationList;
			buildConfigurations = (
				5B30E23D1CEAB1ED00906281 /* Debug */,
				5B30E23E1CEAB1ED00906281 /* Release */,
			);
			defaultConfigurationIsVisible = 0;
			defaultConfigurationName = Release;
		};
		5B30E23F1CEAB1ED00906281 /* Build configuration list for PBXNativeTarget "SeptCameraUITests" */ = {
			isa = XCConfigurationList;
			buildConfigurations = (
				5B30E2401CEAB1ED00906281 /* Debug */,
				5B30E2411CEAB1ED00906281 /* Release */,
			);
			defaultConfigurationIsVisible = 0;
			defaultConfigurationName = Release;
		};
/* End XCConfigurationList section */
	};
	rootObject = 5B30E2041CEAB1EC00906281 /* Project object */;
}
